dependencies:
  vue: 3.0.5
devDependencies:
  '@vitejs/plugin-vue': 1.1.4_@vue+compiler-sfc@3.0.5
  '@vue/compiler-sfc': 3.0.5_vue@3.0.5
  '@vuedx/typecheck': 0.6.3
  '@vuedx/typescript-plugin-vue': 0.6.3
  sirv: 1.0.11
  typescript: 4.1.3
  vite: 'link:../node_modules/vite'
  vite-tsconfig-paths: 'link:..'
lockfileVersion: 5.2
packages:
  /@babel/code-frame/7.12.13:
    dependencies:
      '@babel/highlight': 7.12.13
    dev: true
    resolution:
      integrity: sha512-HV1Cm0Q3ZrpCR93tkWOYiuYIgLxZXZFVG2VgK+MBWjUqZTundupbfx2aXarXuw5Ko5aMcjtJgbSs4vUGBS5v6g==
  /@babel/generator/7.12.15:
    dependencies:
      '@babel/types': 7.12.13
      jsesc: 2.5.2
      source-map: 0.5.7
    dev: true
    resolution:
      integrity: sha512-6F2xHxBiFXWNSGb7vyCUTBF8RCLY66rS0zEPcP8t/nQyXjha5EuK4z7H5o7fWG8B4M7y6mqVWq1J+1PuwRhecQ==
  /@babel/helper-function-name/7.12.13:
    dependencies:
      '@babel/helper-get-function-arity': 7.12.13
      '@babel/template': 7.12.13
      '@babel/types': 7.12.13
    dev: true
    resolution:
      integrity: sha512-TZvmPn0UOqmvi5G4vvw0qZTpVptGkB1GL61R6lKvrSdIxGm5Pky7Q3fpKiIkQCAtRCBUwB0PaThlx9vebCDSwA==
  /@babel/helper-get-function-arity/7.12.13:
    dependencies:
      '@babel/types': 7.12.13
    dev: true
    resolution:
      integrity: sha512-DjEVzQNz5LICkzN0REdpD5prGoidvbdYk1BVgRUOINaWJP2t6avB27X1guXK1kXNrX0WMfsrm1A/ZBthYuIMQg==
  /@babel/helper-split-export-declaration/7.12.13:
    dependencies:
      '@babel/types': 7.12.13
    dev: true
    resolution:
      integrity: sha512-tCJDltF83htUtXx5NLcaDqRmknv652ZWCHyoTETf1CXYJdPC7nohZohjUgieXhv0hTJdRf2FjDueFehdNucpzg==
  /@babel/helper-validator-identifier/7.12.11:
    resolution:
      integrity: sha512-np/lG3uARFybkoHokJUmf1QfEvRVCPbmQeUQpKow5cQ3xWrV9i3rUHodKDJPQfTVX61qKi+UdYk8kik84n7XOw==
  /@babel/highlight/7.12.13:
    dependencies:
      '@babel/helper-validator-identifier': 7.12.11
      chalk: 2.4.2
      js-tokens: 4.0.0
    dev: true
    resolution:
      integrity: sha512-kocDQvIbgMKlWxXe9fof3TQ+gkIPOUSEYhJjqUjvKMez3krV7vbzYCDq39Oj11UAVK7JqPVGQPlgE85dPNlQww==
  /@babel/parser/7.12.15:
    engines:
      node: '>=6.0.0'
    hasBin: true
    resolution:
      integrity: sha512-AQBOU2Z9kWwSZMd6lNjCX0GUgFonL1wAM1db8L8PMk9UDaGsRCArBkU4Sc+UCM3AE4hjbXx+h58Lb3QT4oRmrA==
  /@babel/parser/7.12.3:
    dev: true
    engines:
      node: '>=6.0.0'
    hasBin: true
    resolution:
      integrity: sha512-kFsOS0IbsuhO5ojF8Hc8z/8vEIOkylVBrjiZUbLTE3XFe0Qi+uu6HjzQixkFaqr0ZPAMZcBVxEwmsnsLPZ2Xsw==
  /@babel/template/7.12.13:
    dependencies:
      '@babel/code-frame': 7.12.13
      '@babel/parser': 7.12.15
      '@babel/types': 7.12.13
    dev: true
    resolution:
      integrity: sha512-/7xxiGA57xMo/P2GVvdEumr8ONhFOhfgq2ihK3h1e6THqzTAkHbkXgB0xI9yeTfIUoH3+oAeHhqm/I43OTbbjA==
  /@babel/traverse/7.12.1:
    dependencies:
      '@babel/code-frame': 7.12.13
      '@babel/generator': 7.12.15
      '@babel/helper-function-name': 7.12.13
      '@babel/helper-split-export-declaration': 7.12.13
      '@babel/parser': 7.12.15
      '@babel/types': 7.12.1
      debug: 4.3.1
      globals: 11.12.0
      lodash: 4.17.20
    dev: true
    resolution:
      integrity: sha512-MA3WPoRt1ZHo2ZmoGKNqi20YnPt0B1S0GTZEPhhd+hw2KGUzBlHuVunj6K4sNuK+reEvyiPwtp0cpaqLzJDmAw==
  /@babel/types/7.12.1:
    dependencies:
      '@babel/helper-validator-identifier': 7.12.11
      lodash: 4.17.20
      to-fast-properties: 2.0.0
    dev: true
    resolution:
      integrity: sha512-BzSY3NJBKM4kyatSOWh3D/JJ2O3CVzBybHWxtgxnggaxEuaSTTDqeiSb/xk9lrkw2Tbqyivw5ZU4rT+EfznQsA==
  /@babel/types/7.12.13:
    dependencies:
      '@babel/helper-validator-identifier': 7.12.11
      lodash: 4.17.20
      to-fast-properties: 2.0.0
    resolution:
      integrity: sha512-oKrdZTld2im1z8bDwTOQvUbxKwE+854zc16qWZQlcTqMN00pWxHQ4ZeOq0yDMnisOpRykH2/5Qqcrk/OlbAjiQ==
  /@intlify/core-base/9.0.0-beta.16:
    dependencies:
      '@intlify/message-compiler': 9.0.0-beta.16
      '@intlify/message-resolver': 9.0.0-beta.16
      '@intlify/runtime': 9.0.0-beta.16
      '@intlify/shared': 9.0.0-beta.16
    dev: true
    engines:
      node: '>= 10'
    resolution:
      integrity: sha512-PJLDVYy3x8Mf9+XtWljEfk4Lo6mudopYlRvB89NQR3TkR+Tqkbcsegj09XdXpTKBYiq+yQrlZKZ0KEHb7l5Zuw==
  /@intlify/core/9.0.0-beta.16:
    dependencies:
      '@intlify/core-base': 9.0.0-beta.16
    dev: true
    engines:
      node: '>= 10'
    resolution:
      integrity: sha512-tPXf9rr+ZzG1zXgdLo8rCO2jws6eIXzJSaTvgnanZpfyyMKE+T8Ra5vVu3f/Sm0J7flT+z/Q3kLfnbpOMQ1UiQ==
  /@intlify/message-compiler/9.0.0-beta.16:
    dependencies:
      '@intlify/message-resolver': 9.0.0-beta.16
      '@intlify/shared': 9.0.0-beta.16
      source-map: 0.6.1
    dev: true
    engines:
      node: '>= 10'
    resolution:
      integrity: sha512-dE4UZsbVl5TKogYdfrJ6nQKdin1R4XMKVBVa9dE1A8HVvVHBSLy6iQiYpcw8TwcEHIa+rFjuuHuh+IdN3eCw+g==
  /@intlify/message-resolver/9.0.0-beta.16:
    dev: true
    engines:
      node: '>= 10'
    resolution:
      integrity: sha512-xwjsFuDDYEv7g1KE5QZRbrPgfsrNsDhYLtNYR7Tn4inzbmB6ipak2UlDzDcQGLieSFbe1WwAoNL0IXy4sUKboQ==
  /@intlify/runtime/9.0.0-beta.16:
    dependencies:
      '@intlify/message-compiler': 9.0.0-beta.16
      '@intlify/message-resolver': 9.0.0-beta.16
      '@intlify/shared': 9.0.0-beta.16
    dev: true
    engines:
      node: '>= 10'
    resolution:
      integrity: sha512-py+stHrbkBoEB2OsBB+rySevR+54uhybF54LToGjErr740R/AVuOVTJEKRS/LF9VvinGZZTu/WVOXcPpMfqt8Q==
  /@intlify/shared/9.0.0-beta.16:
    dev: true
    engines:
      node: '>= 10'
    resolution:
      integrity: sha512-A7GSOovcZn/NMoAmDc8FG9uRcFv6iygriK8+C6HFeOnMQ9X+T9f5A9bPtXhCOCiRpQm9SUtGqXedxO5Y8rz9/A==
  /@nodelib/fs.scandir/2.1.4:
    dependencies:
      '@nodelib/fs.stat': 2.0.4
      run-parallel: 1.1.10
    dev: true
    engines:
      node: '>= 8'
    resolution:
      integrity: sha512-33g3pMJk3bg5nXbL/+CY6I2eJDzZAni49PfJnL5fghPTggPvBd/pFNSgJsdAgWptuFu7qq/ERvOYFlhvsLTCKA==
  /@nodelib/fs.stat/2.0.4:
    dev: true
    engines:
      node: '>= 8'
    resolution:
      integrity: sha512-IYlHJA0clt2+Vg7bccq+TzRdJvv19c2INqBSsoOLp1je7xjtr7J26+WXR72MCdvU9q1qTzIWDfhMf+DRvQJK4Q==
  /@nodelib/fs.walk/1.2.6:
    dependencies:
      '@nodelib/fs.scandir': 2.1.4
      fastq: 1.10.1
    dev: true
    engines:
      node: '>= 8'
    resolution:
      integrity: sha512-8Broas6vTtW4GIXTAHDoE32hnN2M5ykgCpWGbuXHQ15vEMqr23pB76e/GZcYsZCHALv50ktd24qhEyKr6wBtow==
  /@polka/url/1.0.0-next.11:
    dev: true
    resolution:
      integrity: sha512-3NsZsJIA/22P3QUyrEDNA2D133H4j224twJrdipXN38dpnIOzAbUDtOwkcJ5pXmn75w7LSQDjA4tO9dm1XlqlA==
  /@sentry/core/5.30.0:
    dependencies:
      '@sentry/hub': 5.30.0
      '@sentry/minimal': 5.30.0
      '@sentry/types': 5.30.0
      '@sentry/utils': 5.30.0
      tslib: 1.14.1
    dev: true
    engines:
      node: '>=6'
    resolution:
      integrity: sha512-TmfrII8w1PQZSZgPpUESqjB+jC6MvZJZdLtE/0hZ+SrnKhW3x5WlYLvTXZpcWePYBku7rl2wn1RZu6uT0qCTeg==
  /@sentry/hub/5.30.0:
    dependencies:
      '@sentry/types': 5.30.0
      '@sentry/utils': 5.30.0
      tslib: 1.14.1
    dev: true
    engines:
      node: '>=6'
    resolution:
      integrity: sha512-2tYrGnzb1gKz2EkMDQcfLrDTvmGcQPuWxLnJKXJvYTQDGLlEvi2tWz1VIHjunmOvJrB5aIQLhm+dcMRwFZDCqQ==
  /@sentry/minimal/5.30.0:
    dependencies:
      '@sentry/hub': 5.30.0
      '@sentry/types': 5.30.0
      tslib: 1.14.1
    dev: true
    engines:
      node: '>=6'
    resolution:
      integrity: sha512-BwWb/owZKtkDX+Sc4zCSTNcvZUq7YcH3uAVlmh/gtR9rmUvbzAA3ewLuB3myi4wWRAMEtny6+J/FN/x+2wn9Xw==
  /@sentry/node/5.30.0:
    dependencies:
      '@sentry/core': 5.30.0
      '@sentry/hub': 5.30.0
      '@sentry/tracing': 5.30.0
      '@sentry/types': 5.30.0
      '@sentry/utils': 5.30.0
      cookie: 0.4.1
      https-proxy-agent: 5.0.0
      lru_map: 0.3.3
      tslib: 1.14.1
    dev: true
    engines:
      node: '>=6'
    resolution:
      integrity: sha512-Br5oyVBF0fZo6ZS9bxbJZG4ApAjRqAnqFFurMVJJdunNb80brh7a5Qva2kjhm+U6r9NJAB5OmDyPkA1Qnt+QVg==
  /@sentry/tracing/5.30.0:
    dependencies:
      '@sentry/hub': 5.30.0
      '@sentry/minimal': 5.30.0
      '@sentry/types': 5.30.0
      '@sentry/utils': 5.30.0
      tslib: 1.14.1
    dev: true
    engines:
      node: '>=6'
    resolution:
      integrity: sha512-dUFowCr0AIMwiLD7Fs314Mdzcug+gBVo/+NCMyDw8tFxJkwWAKl7Qa2OZxLQ0ZHjakcj1hNKfCQJ9rhyfOl4Aw==
  /@sentry/types/5.30.0:
    dev: true
    engines:
      node: '>=6'
    resolution:
      integrity: sha512-R8xOqlSTZ+htqrfteCWU5Nk0CDN5ApUTvrlvBuiH1DyP6czDZ4ktbZB0hAgBlVcK0U+qpD3ag3Tqqpa5Q67rPw==
  /@sentry/utils/5.30.0:
    dependencies:
      '@sentry/types': 5.30.0
      tslib: 1.14.1
    dev: true
    engines:
      node: '>=6'
    resolution:
      integrity: sha512-zaYmoH0NWWtvnJjC9/CBseXMtKHm/tm40sz3YfJRxeQjyzRqNQPgivpd9R/oDJCYj999mzdW382p/qi2ypjLww==
  /@types/braces/3.0.0:
    dev: true
    resolution:
      integrity: sha512-TbH79tcyi9FHwbyboOKeRachRq63mSuWYXOflsNO9ZyE5ClQ/JaozNKl+aWUq87qPNsXasXxi2AbgfwIJ+8GQw==
  /@types/micromatch/4.0.1:
    dependencies:
      '@types/braces': 3.0.0
    dev: true
    resolution:
      integrity: sha512-my6fLBvpY70KattTNzYOK6KU1oR1+UCz9ug/JbcF5UrEmeCt9P7DV2t7L8+t18mMPINqGQCE4O8PLOPbI84gxw==
  /@vitejs/plugin-vue/1.1.4_@vue+compiler-sfc@3.0.5:
    dependencies:
      '@vue/compiler-sfc': 3.0.5_vue@3.0.5
    dev: true
    engines:
      node: '>=12.0.0'
    peerDependencies:
      '@vue/compiler-sfc': ^3.0.4
    resolution:
      integrity: sha512-cUDILd++9jdhdjpuhgJofQqOabOKe+kTWTE2HQY2PBHEUO2fgwTurLE0cJg9UcIo1x4lHfsp+59S9TBCHgTZkw==
  /@vue/compiler-core/3.0.5:
    dependencies:
      '@babel/parser': 7.12.15
      '@babel/types': 7.12.13
      '@vue/shared': 3.0.5
      estree-walker: 2.0.2
      source-map: 0.6.1
    resolution:
      integrity: sha512-iFXwk2gmU/GGwN4hpBwDWWMLvpkIejf/AybcFtlQ5V1ur+5jwfBaV0Y1RXoR6ePfBPJixtKZ3PmN+M+HgMAtfQ==
  /@vue/compiler-dom/3.0.5:
    dependencies:
      '@vue/compiler-core': 3.0.5
      '@vue/shared': 3.0.5
    resolution:
      integrity: sha512-HSOSe2XSPuCkp20h4+HXSiPH9qkhz6YbW9z9ZtL5vef2T2PMugH7/osIFVSrRZP/Ul5twFZ7MIRlp8tPX6e4/g==
  /@vue/compiler-sfc/3.0.5_vue@3.0.5:
    dependencies:
      '@babel/parser': 7.12.15
      '@babel/types': 7.12.13
      '@vue/compiler-core': 3.0.5
      '@vue/compiler-dom': 3.0.5
      '@vue/compiler-ssr': 3.0.5
      '@vue/shared': 3.0.5
      consolidate: 0.16.0
      estree-walker: 2.0.2
      hash-sum: 2.0.0
      lru-cache: 5.1.1
      magic-string: 0.25.7
      merge-source-map: 1.1.0
      postcss: 7.0.35
      postcss-modules: 3.2.2
      postcss-selector-parser: 6.0.4
      source-map: 0.6.1
      vue: 3.0.5
    dev: true
    peerDependencies:
      vue: 3.0.5
    resolution:
      integrity: sha512-uOAC4X0Gx3SQ9YvDC7YMpbDvoCmPvP0afVhJoxRotDdJ+r8VO3q4hFf/2f7U62k4Vkdftp6DVni8QixrfYzs+w==
  /@vue/compiler-ssr/3.0.5:
    dependencies:
      '@vue/compiler-dom': 3.0.5
      '@vue/shared': 3.0.5
    dev: true
    resolution:
      integrity: sha512-Wm//Kuxa1DpgjE4P9W0coZr8wklOfJ35Jtq61CbU+t601CpPTK4+FL2QDBItaG7aoUUDCWL5nnxMkuaOgzTBKg==
  /@vue/reactivity/3.0.5:
    dependencies:
      '@vue/shared': 3.0.5
    dev: false
    resolution:
      integrity: sha512-3xodUE3sEIJgS7ntwUbopIpzzvi7vDAOjVamfb2l+v1FUg0jpd3gf62N2wggJw3fxBMr+QvyxpD+dBoxLsmAjw==
  /@vue/runtime-core/3.0.5:
    dependencies:
      '@vue/reactivity': 3.0.5
      '@vue/shared': 3.0.5
    dev: false
    resolution:
      integrity: sha512-Cnyi2NqREwOLcTEsIi1DQX1hHtkVj4eGm4hBG7HhokS05DqpK4/80jG6PCCnCH9rIJDB2FqtaODX397210plXg==
  /@vue/runtime-dom/3.0.5:
    dependencies:
      '@vue/runtime-core': 3.0.5
      '@vue/shared': 3.0.5
      csstype: 2.6.14
    dev: false
    resolution:
      integrity: sha512-iilX1KySeIzHHtErT6Y44db1rhWK5tAI0CiJIPr+SJoZ2jbjoOSE6ff/jfIQakchbm1d6jq6VtRVnp5xYdOXKA==
  /@vue/shared/3.0.5:
    resolution:
      integrity: sha512-gYsNoGkWejBxNO6SNRjOh/xKeZ0H0V+TFzaPzODfBjkAIb0aQgBuixC1brandC/CDJy1wYPwSoYrXpvul7m6yw==
  /@vuedx/analyze/0.6.3:
    dependencies:
      '@babel/code-frame': 7.12.13
      '@babel/generator': 7.12.15
      '@babel/parser': 7.12.15
      '@babel/template': 7.12.13
      '@babel/traverse': 7.12.1
      '@babel/types': 7.12.1
      '@types/micromatch': 4.0.1
      '@vuedx/compiler-sfc': 0.6.2
      '@vuedx/compiler-tsx': 0.6.3
      '@vuedx/projectconfig': 0.6.2
      '@vuedx/shared': 0.6.2
      '@vuedx/template-ast-types': 0.6.2
      cli-highlight: 2.1.10
      commander: 6.2.1
      fast-glob: 3.2.5
      hash-sum: 2.0.0
      micromatch: 4.0.2
    dev: true
    hasBin: true
    resolution:
      integrity: sha512-LiQ7Ppw4nEr5qjth+gg1m48yXD7usOcAygUU10lLwfRRlDZevxAdZRcNuC0vBOXUG3xbl6CSDXnAMeWFdlUiyw==
  /@vuedx/compiler-sfc/0.6.2:
    dependencies:
      '@vue/compiler-core': 3.0.5
      lru-cache: 6.0.0
      source-map: 0.6.1
    dev: true
    resolution:
      integrity: sha512-mJehCyO6BJiHCLPfVQQZb7RliuwBh7voGkrF27SkA3yhv44VSDaMbDIX2VRm3utl1CacFEVdNFqB9QYviZByfg==
  /@vuedx/compiler-tsx/0.6.3:
    dependencies:
      '@babel/parser': 7.12.3
      '@babel/types': 7.12.1
      '@vue/compiler-core': 3.0.5
      '@vuedx/shared': 0.6.2
      '@vuedx/template-ast-types': 0.6.2
    dev: true
    resolution:
      integrity: sha512-H1SSgUHQXWoTnrIxvl9uXGMUqKlWjNddp8xc+EAg7BRQ4F7kFzHTzOsafG5xzrqnmZujj8cLUknG123rWgsxIg==
  /@vuedx/projectconfig/0.6.2:
    dev: true
    resolution:
      integrity: sha512-qoekczmYpg4bOHMUduGgwGEWYq2CZL9HfztNzSPaJnErTBc4VNFnCBLsAtFPLkILASh6vzE2m/EpIzSpMW5mJQ==
  /@vuedx/shared/0.6.2:
    dependencies:
      '@sentry/node': 5.30.0
      node-unique-machine-id: 1.1.0
      uuid: 8.3.2
    dev: true
    resolution:
      integrity: sha512-xCXK+X5iDXkNfLglxFGFeEtqSWlopU8Cj6dGgMABWlee7HVDl47A4sj5oQpKuTjwRJHyE+BYtgGxtf1eLee5Yg==
  /@vuedx/template-ast-types/0.6.2:
    dependencies:
      '@vue/compiler-core': 3.0.5
    dev: true
    resolution:
      integrity: sha512-TY3IesmF6/XbZnlLnImE30MXVJeXpMh8F5ZKZeeVDIvDWmPDZ6fC8DbDj1GycZtx77C85yZRnJJqq5v0AED4aw==
  /@vuedx/typecheck/0.6.3:
    dependencies:
      '@vuedx/shared': 0.6.2
      '@vuedx/typescript-plugin-vue': 0.6.3
      '@vuedx/vue-virtual-textdocument': 0.6.3
      chalk: 4.1.0
      fast-glob: 3.2.5
      minimist: 1.2.5
      resolve-from: 5.0.0
      typescript: 4.1.3
    dev: true
    hasBin: true
    resolution:
      integrity: sha512-1WfUI+bqg1O8Vklz24EZdsUE6ak4QCxtV6gWrUw+VUbep7ANhZM4RkaMsDFWVdeb2dip9ROrO8ESBrsIViPT8Q==
  /@vuedx/typescript-plugin-vue/0.6.3:
    dependencies:
      '@intlify/core': 9.0.0-beta.16
      '@vuedx/analyze': 0.6.3
      '@vuedx/compiler-sfc': 0.6.2
      '@vuedx/projectconfig': 0.6.2
      '@vuedx/shared': 0.6.2
      '@vuedx/template-ast-types': 0.6.2
      '@vuedx/vue-virtual-textdocument': 0.6.3
      de-indent: 1.0.2
      json5: 2.2.0
      quick-lru: 5.1.1
      vscode-uri: 2.1.2
      vscode-web-custom-data: 0.3.3
    dev: true
    resolution:
      integrity: sha512-zAhXM9LDVYvjAMnTiqf6yZcJXXh1rQrH3JhcmQNmlxk26sRysfa/VWNC8qkfq9vcOKRf1eQusH4g+Vov6qPGig==
  /@vuedx/vue-virtual-textdocument/0.6.3:
    dependencies:
      '@vuedx/analyze': 0.6.3
      '@vuedx/compiler-sfc': 0.6.2
      '@vuedx/compiler-tsx': 0.6.3
      '@vuedx/shared': 0.6.2
      source-map: 0.6.1
      vscode-languageserver-textdocument: 1.0.1
      vscode-uri: 2.1.2
    dev: true
    resolution:
      integrity: sha512-FN5h4GsIcYAIfFbal0+1ryddDgpxMx/gxGE5QYinbwj5PwILZzyAUt//drQfppIHzCL+TJuZSml7fAod5tYvQA==
  /agent-base/6.0.2:
    dependencies:
      debug: 4.3.1
    dev: true
    engines:
      node: '>= 6.0.0'
    resolution:
      integrity: sha512-RZNwNclF7+MS/8bDg70amg32dyeZGZxiDuQmZxKLAlQjr3jGyLx+4Kkk58UO7D2QdgFIQCovuSuZESne6RG6XQ==
  /ansi-regex/5.0.0:
    dev: true
    engines:
      node: '>=8'
    resolution:
      integrity: sha512-bY6fj56OUQ0hU1KjFNDQuJFezqKdrAyFdIevADiqrWHwSlbmBNMHp5ak2f40Pm8JTFyM2mqxkG6ngkHO11f/lg==
  /ansi-styles/3.2.1:
    dependencies:
      color-convert: 1.9.3
    dev: true
    engines:
      node: '>=4'
    resolution:
      integrity: sha512-VT0ZI6kZRdTh8YyJw3SMbYm/u+NqfsAxEpWO0Pf9sq8/e94WxxOpPKx9FR1FlyCtOVDNOQ+8ntlqFxiRc+r5qA==
  /ansi-styles/4.3.0:
    dependencies:
      color-convert: 2.0.1
    dev: true
    engines:
      node: '>=8'
    resolution:
      integrity: sha512-zbB9rCJAT1rbjiVDb2hqKFHNYLxgtk8NURxZ3IZwD3F6NtxbXZQCnnSi1Lkx+IDohdPlFp222wVALIheZJQSEg==
  /any-promise/1.3.0:
    dev: true
    resolution:
      integrity: sha1-q8av7tzqUugJzcA3au0845Y10X8=
  /big.js/5.2.2:
    dev: true
    resolution:
      integrity: sha512-vyL2OymJxmarO8gxMr0mhChsO9QGwhynfuu4+MHTAW6czfq9humCB7rKpUjDd9YUiDPU4mzpyupFSvOClAwbmQ==
  /bluebird/3.7.2:
    dev: true
    resolution:
      integrity: sha512-XpNj6GDQzdfW+r2Wnn7xiSAd7TM3jzkxGXBGTtWKuSXv1xUV+azxAm8jdWZN06QTQk+2N2XB9jRDkvbmQmcRtg==
  /braces/3.0.2:
    dependencies:
      fill-range: 7.0.1
    dev: true
    engines:
      node: '>=8'
    resolution:
      integrity: sha512-b8um+L1RzM3WDSzvhm6gIz1yfTbBt6YTlcEKAvsmqCZZFw46z626lVj9j1yEPW33H5H+lBQpZMP1k8l+78Ha0A==
  /chalk/2.4.2:
    dependencies:
      ansi-styles: 3.2.1
      escape-string-regexp: 1.0.5
      supports-color: 5.5.0
    dev: true
    engines:
      node: '>=4'
    resolution:
      integrity: sha512-Mti+f9lpJNcwF4tWV8/OrTTtF1gZi+f8FqlyAdouralcFWFQWF2+NgCHShjkCb+IFBLq9buZwE1xckQU4peSuQ==
  /chalk/4.1.0:
    dependencies:
      ansi-styles: 4.3.0
      supports-color: 7.2.0
    dev: true
    engines:
      node: '>=10'
    resolution:
      integrity: sha512-qwx12AxXe2Q5xQ43Ac//I6v5aXTipYrSESdOgzrN+9XjgEpyjpKuvSGaN4qE93f7TQTlerQQ8S+EQ0EyDoVL1A==
  /cli-highlight/2.1.10:
    dependencies:
      chalk: 4.1.0
      highlight.js: 10.5.0
      mz: 2.7.0
      parse5: 5.1.1
      parse5-htmlparser2-tree-adapter: 6.0.1
      yargs: 16.2.0
    dev: true
    engines:
      node: '>=8.0.0'
      npm: '>=5.0.0'
    hasBin: true
    resolution:
      integrity: sha512-CcPFD3JwdQ2oSzy+AMG6j3LRTkNjM82kzcSKzoVw6cLanDCJNlsLjeqVTOTfOfucnWv5F0rmBemVf1m9JiIasw==
  /cliui/7.0.4:
    dependencies:
      string-width: 4.2.0
      strip-ansi: 6.0.0
      wrap-ansi: 7.0.0
    dev: true
    resolution:
      integrity: sha512-OcRE68cOsVMXp1Yvonl/fzkQOyjLSu/8bhPDfQt0e0/Eb283TKP20Fs2MqoPsr9SwA595rRCA+QMzYc9nBP+JQ==
  /color-convert/1.9.3:
    dependencies:
      color-name: 1.1.3
    dev: true
    resolution:
      integrity: sha512-QfAUtd+vFdAtFQcC8CCyYt1fYWxSqAiK2cSD6zDB8N3cpsEBAvRxp9zOGg6G/SHHJYAT88/az/IuDGALsNVbGg==
  /color-convert/2.0.1:
    dependencies:
      color-name: 1.1.4
    dev: true
    engines:
      node: '>=7.0.0'
    resolution:
      integrity: sha512-RRECPsj7iu/xb5oKYcsFHSppFNnsj/52OVTRKb4zP5onXwVF3zVmmToNcOfGC+CRDpfK/U584fMg38ZHCaElKQ==
  /color-name/1.1.3:
    dev: true
    resolution:
      integrity: sha1-p9BVi9icQveV3UIyj3QIMcpTvCU=
  /color-name/1.1.4:
    dev: true
    resolution:
      integrity: sha512-dOy+3AuW3a2wNbZHIuMZpTcgjGuLU/uBL/ubcZF9OXbDo8ff4O8yVp5Bf0efS8uEoYo5q4Fx7dY9OgQGXgAsQA==
  /commander/6.2.1:
    dev: true
    engines:
      node: '>= 6'
    resolution:
      integrity: sha512-U7VdrJFnJgo4xjrHpTzu0yrHPGImdsmD95ZlgYSEajAn2JKzDhDTPG9kBTefmObL2w/ngeZnilk+OV9CG3d7UA==
  /consolidate/0.16.0:
    dependencies:
      bluebird: 3.7.2
    dev: true
    engines:
      node: '>= 0.10.0'
    resolution:
      integrity: sha512-Nhl1wzCslqXYTJVDyJCu3ODohy9OfBMB5uD2BiBTzd7w+QY0lBzafkR8y8755yMYHAaMD4NuzbAw03/xzfw+eQ==
  /cookie/0.4.1:
    dev: true
    engines:
      node: '>= 0.6'
    resolution:
      integrity: sha512-ZwrFkGJxUR3EIoXtO+yVE69Eb7KlixbaeAWfBQB9vVsNn/o+Yw69gBWSSDK825hQNdN+wF8zELf3dFNl/kxkUA==
  /cssesc/3.0.0:
    dev: true
    engines:
      node: '>=4'
    hasBin: true
    resolution:
      integrity: sha512-/Tb/JcjK111nNScGob5MNtsntNM1aCNUDipB/TkwZFhyDrrE47SOx/18wF2bbjgc3ZzCSKW1T5nt5EbFoAz/Vg==
  /csstype/2.6.14:
    dev: false
    resolution:
      integrity: sha512-2mSc+VEpGPblzAxyeR+vZhJKgYg0Og0nnRi7pmRXFYYxSfnOnW8A5wwQb4n4cE2nIOzqKOAzLCaEX6aBmNEv8A==
  /de-indent/1.0.2:
    dev: true
    resolution:
      integrity: sha1-sgOOhG3DO6pXlhKNCAS0VbjB4h0=
  /debug/4.3.1:
    dependencies:
      ms: 2.1.2
    dev: true
    engines:
      node: '>=6.0'
    peerDependencies:
      supports-color: '*'
    peerDependenciesMeta:
      supports-color:
        optional: true
    resolution:
      integrity: sha512-doEwdvm4PCeK4K3RQN2ZC2BYUBaxwLARCqZmMjtF8a51J2Rb0xpVloFRnCODwqjpwnAoao4pelN8l3RJdv3gRQ==
  /emoji-regex/8.0.0:
    dev: true
    resolution:
      integrity: sha512-MSjYzcWNOA0ewAHpz0MxpYFvwg6yjy1NG3xteoqz644VCo/RPgnr1/GGt+ic3iJTzQ8Eu3TdM14SawnVUmGE6A==
  /emojis-list/3.0.0:
    dev: true
    engines:
      node: '>= 4'
    resolution:
      integrity: sha512-/kyM18EfinwXZbno9FyUGeFh87KC8HRQBQGildHZbEuRyWFOmv1U10o9BBp8XVZDVNNuQKyIGIu5ZYAAXJ0V2Q==
  /escalade/3.1.1:
    dev: true
    engines:
      node: '>=6'
    resolution:
      integrity: sha512-k0er2gUkLf8O0zKJiAhmkTnJlTvINGv7ygDNPbeIsX/TJjGJZHuh9B2UxbsaEkmlEo9MfhrSzmhIlhRlI2GXnw==
  /escape-string-regexp/1.0.5:
    dev: true
    engines:
      node: '>=0.8.0'
    resolution:
      integrity: sha1-G2HAViGQqN/2rjuyzwIAyhMLhtQ=
  /estree-walker/2.0.2:
    resolution:
      integrity: sha512-Rfkk/Mp/DL7JVje3u18FxFujQlTNR2q6QfMSMB7AvCBx91NGj/ba3kCfza0f6dVDbw7YlRf/nDrn7pQrCCyQ/w==
  /fast-glob/3.2.5:
    dependencies:
      '@nodelib/fs.stat': 2.0.4
      '@nodelib/fs.walk': 1.2.6
      glob-parent: 5.1.1
      merge2: 1.4.1
      micromatch: 4.0.2
      picomatch: 2.2.2
    dev: true
    engines:
      node: '>=8'
    resolution:
      integrity: sha512-2DtFcgT68wiTTiwZ2hNdJfcHNke9XOfnwmBRWXhmeKM8rF0TGwmC/Qto3S7RoZKp5cilZbxzO5iTNTQsJ+EeDg==
  /fastq/1.10.1:
    dependencies:
      reusify: 1.0.4
    dev: true
    resolution:
      integrity: sha512-AWuv6Ery3pM+dY7LYS8YIaCiQvUaos9OB1RyNgaOWnaX+Tik7Onvcsf8x8c+YtDeT0maYLniBip2hox5KtEXXA==
  /fill-range/7.0.1:
    dependencies:
      to-regex-range: 5.0.1
    dev: true
    engines:
      node: '>=8'
    resolution:
      integrity: sha512-qOo9F+dMUmC2Lcb4BbVvnKJxTPjCm+RRpe4gDuGrzkL7mEVl/djYSu2OdQ2Pa302N4oqkSg9ir6jaLWJ2USVpQ==
  /generic-names/2.0.1:
    dependencies:
      loader-utils: 1.4.0
    dev: true
    resolution:
      integrity: sha512-kPCHWa1m9wGG/OwQpeweTwM/PYiQLrUIxXbt/P4Nic3LbGjCP0YwrALHW1uNLKZ0LIMg+RF+XRlj2ekT9ZlZAQ==
  /get-caller-file/2.0.5:
    dev: true
    engines:
      node: 6.* || 8.* || >= 10.*
    resolution:
      integrity: sha512-DyFP3BM/3YHTQOCUL/w0OZHR0lpKeGrxotcHWcqNEdnltqFwXVfhEBQ94eIo34AfQpo0rGki4cyIiftY06h2Fg==
  /glob-parent/5.1.1:
    dependencies:
      is-glob: 4.0.1
    dev: true
    engines:
      node: '>= 6'
    resolution:
      integrity: sha512-FnI+VGOpnlGHWZxthPGR+QhR78fuiK0sNLkHQv+bL9fQi57lNNdquIbna/WrfROrolq8GK5Ek6BiMwqL/voRYQ==
  /globals/11.12.0:
    dev: true
    engines:
      node: '>=4'
    resolution:
      integrity: sha512-WOBp/EEGUiIsJSp7wcv/y6MO+lV9UoncWqxuFfm8eBwzWNgyfBd6Gz+IeKQ9jCmyhoH99g15M3T+QaVHFjizVA==
  /has-flag/3.0.0:
    dev: true
    engines:
      node: '>=4'
    resolution:
      integrity: sha1-tdRU3CGZriJWmfNGfloH87lVuv0=
  /has-flag/4.0.0:
    dev: true
    engines:
      node: '>=8'
    resolution:
      integrity: sha512-EykJT/Q1KjTWctppgIAgfSO0tKVuZUjhgMr17kqTumMl6Afv3EISleU7qZUzoXDFTAHTDC4NOoG/ZxU3EvlMPQ==
  /hash-sum/2.0.0:
    dev: true
    resolution:
      integrity: sha512-WdZTbAByD+pHfl/g9QSsBIIwy8IT+EsPiKDs0KNX+zSHhdDLFKdZu0BQHljvO+0QI/BasbMSUa8wYNCZTvhslg==
  /highlight.js/10.5.0:
    dev: true
    resolution:
      integrity: sha512-xTmvd9HiIHR6L53TMC7TKolEj65zG1XU+Onr8oi86mYa+nLcIbxTTWkpW7CsEwv/vK7u1zb8alZIMLDqqN6KTw==
  /https-proxy-agent/5.0.0:
    dependencies:
      agent-base: 6.0.2
      debug: 4.3.1
    dev: true
    engines:
      node: '>= 6'
    resolution:
      integrity: sha512-EkYm5BcKUGiduxzSt3Eppko+PiNWNEpa4ySk9vTC6wDsQJW9rHSa+UhGNJoRYp7bz6Ht1eaRIa6QaJqO5rCFbA==
  /icss-replace-symbols/1.1.0:
    dev: true
    resolution:
      integrity: sha1-Bupvg2ead0njhs/h/oEq5dsiPe0=
  /icss-utils/4.1.1:
    dependencies:
      postcss: 7.0.35
    dev: true
    engines:
      node: '>= 6'
    resolution:
      integrity: sha512-4aFq7wvWyMHKgxsH8QQtGpvbASCf+eM3wPRLI6R+MgAnTCZ6STYsRvttLvRWK0Nfif5piF394St3HeJDaljGPA==
  /indexes-of/1.0.1:
    dev: true
    resolution:
      integrity: sha1-8w9xbI4r00bHtn0985FVZqfAVgc=
  /is-extglob/2.1.1:
    dev: true
    engines:
      node: '>=0.10.0'
    resolution:
      integrity: sha1-qIwCU1eR8C7TfHahueqXc8gz+MI=
  /is-fullwidth-code-point/3.0.0:
    dev: true
    engines:
      node: '>=8'
    resolution:
      integrity: sha512-zymm5+u+sCsSWyD9qNaejV3DFvhCKclKdizYaJUuHA83RLjb7nSuGnddCHGv0hk+KY7BMAlsWeK4Ueg6EV6XQg==
  /is-glob/4.0.1:
    dependencies:
      is-extglob: 2.1.1
    dev: true
    engines:
      node: '>=0.10.0'
    resolution:
      integrity: sha512-5G0tKtBTFImOqDnLB2hG6Bp2qcKEFduo4tZu9MT/H6NQv/ghhy30o55ufafxJ/LdH79LLs2Kfrn85TLKyA7BUg==
  /is-number/7.0.0:
    dev: true
    engines:
      node: '>=0.12.0'
    resolution:
      integrity: sha512-41Cifkg6e8TylSpdtTpeLVMqvSBEVzTttHvERD741+pnZ8ANv0004MRL43QKPDlK9cGvNp6NZWZUBlbGXYxxng==
  /js-tokens/4.0.0:
    dev: true
    resolution:
      integrity: sha512-RdJUflcE3cUzKiMqQgsCu06FPu9UdIJO0beYbPhHN4k6apgJtifcoCtT9bcxOpYBtpD2kCM6Sbzg4CausW/PKQ==
  /jsesc/2.5.2:
    dev: true
    engines:
      node: '>=4'
    hasBin: true
    resolution:
      integrity: sha512-OYu7XEzjkCQ3C5Ps3QIZsQfNpqoJyZZA99wd9aWd05NCtC5pWOkShK2mkL6HXQR6/Cy2lbNdPlZBpuQHXE63gA==
  /json5/1.0.1:
    dependencies:
      minimist: 1.2.5
    dev: true
    hasBin: true
    resolution:
      integrity: sha512-aKS4WQjPenRxiQsC93MNfjx+nbF4PAdYzmd/1JIj8HYzqfbu86beTuNgXDzPknWk0n0uARlyewZo4s++ES36Ow==
  /json5/2.2.0:
    dependencies:
      minimist: 1.2.5
    dev: true
    engines:
      node: '>=6'
    hasBin: true
    resolution:
      integrity: sha512-f+8cldu7X/y7RAJurMEJmdoKXGB/X550w2Nr3tTbezL6RwEE/iMcm+tZnXeoZtKuOq6ft8+CqzEkrIgx1fPoQA==
  /loader-utils/1.4.0:
    dependencies:
      big.js: 5.2.2
      emojis-list: 3.0.0
      json5: 1.0.1
    dev: true
    engines:
      node: '>=4.0.0'
    resolution:
      integrity: sha512-qH0WSMBtn/oHuwjy/NucEgbx5dbxxnxup9s4PVXJUDHZBQY+s0NWA9rJf53RBnQZxfch7euUui7hpoAPvALZdA==
  /lodash.camelcase/4.3.0:
    dev: true
    resolution:
      integrity: sha1-soqmKIorn8ZRA1x3EfZathkDMaY=
  /lodash/4.17.20:
    resolution:
      integrity: sha512-PlhdFcillOINfeV7Ni6oF1TAEayyZBoZ8bcshTHqOYJYlrqzRK5hagpagky5o4HfCzzd1TRkXPMFq6cKk9rGmA==
  /lru-cache/5.1.1:
    dependencies:
      yallist: 3.1.1
    dev: true
    resolution:
      integrity: sha512-KpNARQA3Iwv+jTA0utUVVbrh+Jlrr1Fv0e56GGzAFOXN7dk/FviaDW8LHmK52DlcH4WP2n6gI8vN1aesBFgo9w==
  /lru-cache/6.0.0:
    dependencies:
      yallist: 4.0.0
    dev: true
    engines:
      node: '>=10'
    resolution:
      integrity: sha512-Jo6dJ04CmSjuznwJSS3pUeWmd/H0ffTlkXXgwZi+eq1UCmqQwCh+eLsYOYCwY991i2Fah4h1BEMCx4qThGbsiA==
  /lru_map/0.3.3:
    dev: true
    resolution:
      integrity: sha1-tcg1G5Rky9dQM1p5ZQoOwOVhGN0=
  /magic-string/0.25.7:
    dependencies:
      sourcemap-codec: 1.4.8
    dev: true
    resolution:
      integrity: sha512-4CrMT5DOHTDk4HYDlzmwu4FVCcIYI8gauveasrdCu2IKIFOJ3f0v/8MDGJCDL9oD2ppz/Av1b0Nj345H9M+XIA==
  /merge-source-map/1.1.0:
    dependencies:
      source-map: 0.6.1
    dev: true
    resolution:
      integrity: sha512-Qkcp7P2ygktpMPh2mCQZaf3jhN6D3Z/qVZHSdWvQ+2Ef5HgRAPBO57A77+ENm0CPx2+1Ce/MYKi3ymqdfuqibw==
  /merge2/1.4.1:
    dev: true
    engines:
      node: '>= 8'
    resolution:
      integrity: sha512-8q7VEgMJW4J8tcfVPy8g09NcQwZdbwFEqhe/WZkoIzjn/3TGDwtOCYtXGxA3O8tPzpczCCDgv+P2P5y00ZJOOg==
  /micromatch/4.0.2:
    dependencies:
      braces: 3.0.2
      picomatch: 2.2.2
    dev: true
    engines:
      node: '>=8'
    resolution:
      integrity: sha512-y7FpHSbMUMoyPbYUSzO6PaZ6FyRnQOpHuKwbo1G+Knck95XVU4QAiKdGEnj5wwoS7PlOgthX/09u5iFJ+aYf5Q==
  /mime/2.5.0:
    dev: true
    engines:
      node: '>=4.0.0'
    hasBin: true
    resolution:
      integrity: sha512-ft3WayFSFUVBuJj7BMLKAQcSlItKtfjsKDDsii3rqFDAZ7t11zRe8ASw/GlmivGwVUYtwkQrxiGGpL6gFvB0ag==
  /minimist/1.2.5:
    dev: true
    resolution:
      integrity: sha512-FM9nNUYrRBAELZQT3xeZQ7fmMOBg6nWNmJKTcgsJeaLstP/UODVpGsr5OhXhhXg6f+qtJ8uiZ+PUxkDWcgIXLw==
  /ms/2.1.2:
    dev: true
    resolution:
      integrity: sha512-sGkPx+VjMtmA6MX27oA4FBFELFCZZ4S4XqeGOXCv68tT+jb3vk/RyaKWP0PTKyWtmLSM0b+adUTEvbs1PEaH2w==
  /mz/2.7.0:
    dependencies:
      any-promise: 1.3.0
      object-assign: 4.1.1
      thenify-all: 1.6.0
    dev: true
    resolution:
      integrity: sha512-z81GNO7nnYMEhrGh9LeymoE4+Yr0Wn5McHIZMK5cfQCl+NDX08sCZgUc9/6MHni9IWuFLm1Z3HTCXu2z9fN62Q==
  /node-unique-machine-id/1.1.0:
    dependencies:
      uuid: 3.4.0
    dev: true
    resolution:
      integrity: sha512-uJtdcFelVD08XdvxYWYzMYprSTPYl9CYiQbyGYbjXZcMZtLRlEqNUs+C/va/81DNgExsMHL5g0YDYQFS0pENRQ==
  /object-assign/4.1.1:
    dev: true
    engines:
      node: '>=0.10.0'
    resolution:
      integrity: sha1-IQmtx5ZYh8/AXLvUQsrIv7s2CGM=
  /parse5-htmlparser2-tree-adapter/6.0.1:
    dependencies:
      parse5: 6.0.1
    dev: true
    resolution:
      integrity: sha512-qPuWvbLgvDGilKc5BoicRovlT4MtYT6JfJyBOMDsKoiT+GiuP5qyrPCnR9HcPECIJJmZh5jRndyNThnhhb/vlA==
  /parse5/5.1.1:
    dev: true
    resolution:
      integrity: sha512-ugq4DFI0Ptb+WWjAdOK16+u/nHfiIrcE+sh8kZMaM0WllQKLI9rOUq6c2b7cwPkXdzfQESqvoqK6ug7U/Yyzug==
  /parse5/6.0.1:
    dev: true
    resolution:
      integrity: sha512-Ofn/CTFzRGTTxwpNEs9PP93gXShHcTq255nzRYSKe8AkVpZY7e1fpmTfOyoIvjP5HG7Z2ZM7VS9PPhQGW2pOpw==
  /picomatch/2.2.2:
    dev: true
    engines:
      node: '>=8.6'
    resolution:
      integrity: sha512-q0M/9eZHzmr0AulXyPwNfZjtwZ/RBZlbN3K3CErVrk50T2ASYI7Bye0EvekFY3IP1Nt2DHu0re+V2ZHIpMkuWg==
  /postcss-modules-extract-imports/2.0.0:
    dependencies:
      postcss: 7.0.35
    dev: true
    engines:
      node: '>= 6'
    resolution:
      integrity: sha512-LaYLDNS4SG8Q5WAWqIJgdHPJrDDr/Lv775rMBFUbgjTz6j34lUznACHcdRWroPvXANP2Vj7yNK57vp9eFqzLWQ==
  /postcss-modules-local-by-default/3.0.3:
    dependencies:
      icss-utils: 4.1.1
      postcss: 7.0.35
      postcss-selector-parser: 6.0.4
      postcss-value-parser: 4.1.0
    dev: true
    engines:
      node: '>= 6'
    resolution:
      integrity: sha512-e3xDq+LotiGesympRlKNgaJ0PCzoUIdpH0dj47iWAui/kyTgh3CiAr1qP54uodmJhl6p9rN6BoNcdEDVJx9RDw==
  /postcss-modules-scope/2.2.0:
    dependencies:
      postcss: 7.0.35
      postcss-selector-parser: 6.0.4
    dev: true
    engines:
      node: '>= 6'
    resolution:
      integrity: sha512-YyEgsTMRpNd+HmyC7H/mh3y+MeFWevy7V1evVhJWewmMbjDHIbZbOXICC2y+m1xI1UVfIT1HMW/O04Hxyu9oXQ==
  /postcss-modules-values/3.0.0:
    dependencies:
      icss-utils: 4.1.1
      postcss: 7.0.35
    dev: true
    resolution:
      integrity: sha512-1//E5jCBrZ9DmRX+zCtmQtRSV6PV42Ix7Bzj9GbwJceduuf7IqP8MgeTXuRDHOWj2m0VzZD5+roFWDuU8RQjcg==
  /postcss-modules/3.2.2:
    dependencies:
      generic-names: 2.0.1
      icss-replace-symbols: 1.1.0
      lodash.camelcase: 4.3.0
      postcss: 7.0.35
      postcss-modules-extract-imports: 2.0.0
      postcss-modules-local-by-default: 3.0.3
      postcss-modules-scope: 2.2.0
      postcss-modules-values: 3.0.0
      string-hash: 1.1.3
    dev: true
    resolution:
      integrity: sha512-JQ8IAqHELxC0N6tyCg2UF40pACY5oiL6UpiqqcIFRWqgDYO8B0jnxzoQ0EOpPrWXvcpu6BSbQU/3vSiq7w8Nhw==
  /postcss-selector-parser/6.0.4:
    dependencies:
      cssesc: 3.0.0
      indexes-of: 1.0.1
      uniq: 1.0.1
      util-deprecate: 1.0.2
    dev: true
    engines:
      node: '>=4'
    resolution:
      integrity: sha512-gjMeXBempyInaBqpp8gODmwZ52WaYsVOsfr4L4lDQ7n3ncD6mEyySiDtgzCT+NYC0mmeOLvtsF8iaEf0YT6dBw==
  /postcss-value-parser/4.1.0:
    dev: true
    resolution:
      integrity: sha512-97DXOFbQJhk71ne5/Mt6cOu6yxsSfM0QGQyl0L25Gca4yGWEGJaig7l7gbCX623VqTBNGLRLaVUCnNkcedlRSQ==
  /postcss/7.0.35:
    dependencies:
      chalk: 2.4.2
      source-map: 0.6.1
      supports-color: 6.1.0
    dev: true
    engines:
      node: '>=6.0.0'
    resolution:
      integrity: sha512-3QT8bBJeX/S5zKTTjTCIjRF3If4avAT6kqxcASlTWEtAFCb9NH0OUxNDfgZSWdP5fJnBYCMEWkIFfWeugjzYMg==
  /quick-lru/5.1.1:
    dev: true
    engines:
      node: '>=10'
    resolution:
      integrity: sha512-WuyALRjWPDGtt/wzJiadO5AXY+8hZ80hVpe6MyivgraREW751X3SbhRvG3eLKOYN+8VEvqLcf3wdnt44Z4S4SA==
  /require-directory/2.1.1:
    dev: true
    engines:
      node: '>=0.10.0'
    resolution:
      integrity: sha1-jGStX9MNqxyXbiNE/+f3kqam30I=
  /resolve-from/5.0.0:
    dev: true
    engines:
      node: '>=8'
    resolution:
      integrity: sha512-qYg9KP24dD5qka9J47d0aVky0N+b4fTU89LN9iDnjB5waksiC49rvMB0PrUJQGoTmH50XPiqOvAjDfaijGxYZw==
  /reusify/1.0.4:
    dev: true
    engines:
      iojs: '>=1.0.0'
      node: '>=0.10.0'
    resolution:
      integrity: sha512-U9nH88a3fc/ekCF1l0/UP1IosiuIjyTh7hBvXVMHYgVcfGvt897Xguj2UOLDeI5BG2m7/uwyaLVT6fbtCwTyzw==
  /run-parallel/1.1.10:
    dev: true
    resolution:
      integrity: sha512-zb/1OuZ6flOlH6tQyMPUrE3x3Ulxjlo9WIVXR4yVYi4H9UXQaeIsPbLn2R3O3vQCnDKkAl2qHiuocKKX4Tz/Sw==
  /sirv/1.0.11:
    dependencies:
      '@polka/url': 1.0.0-next.11
      mime: 2.5.0
      totalist: 1.1.0
    dev: true
    engines:
      node: '>= 10'
    resolution:
      integrity: sha512-SR36i3/LSWja7AJNRBz4fF/Xjpn7lQFI30tZ434dIy+bitLYSP+ZEenHg36i23V2SGEz+kqjksg0uOGZ5LPiqg==
  /source-map/0.5.7:
    dev: true
    engines:
      node: '>=0.10.0'
    resolution:
      integrity: sha1-igOdLRAh0i0eoUyA2OpGi6LvP8w=
  /source-map/0.6.1:
    engines:
      node: '>=0.10.0'
    resolution:
      integrity: sha512-UjgapumWlbMhkBgzT7Ykc5YXUT46F0iKu8SGXq0bcwP5dz/h0Plj6enJqjz1Zbq2l5WaqYnrVbwWOWMyF3F47g==
  /sourcemap-codec/1.4.8:
    dev: true
    resolution:
      integrity: sha512-9NykojV5Uih4lgo5So5dtw+f0JgJX30KCNI8gwhz2J9A15wD0Ml6tjHKwf6fTSa6fAdVBdZeNOs9eJ71qCk8vA==
  /string-hash/1.1.3:
    dev: true
    resolution:
      integrity: sha1-6Kr8CsGFW0Zmkp7X3RJ1311sgRs=
  /string-width/4.2.0:
    dependencies:
      emoji-regex: 8.0.0
      is-fullwidth-code-point: 3.0.0
      strip-ansi: 6.0.0
    dev: true
    engines:
      node: '>=8'
    resolution:
      integrity: sha512-zUz5JD+tgqtuDjMhwIg5uFVV3dtqZ9yQJlZVfq4I01/K5Paj5UHj7VyrQOJvzawSVlKpObApbfD0Ed6yJc+1eg==
  /strip-ansi/6.0.0:
    dependencies:
      ansi-regex: 5.0.0
    dev: true
    engines:
      node: '>=8'
    resolution:
      integrity: sha512-AuvKTrTfQNYNIctbR1K/YGTR1756GycPsg7b9bdV9Duqur4gv6aKqHXah67Z8ImS7WEz5QVcOtlfW2rZEugt6w==
  /supports-color/5.5.0:
    dependencies:
      has-flag: 3.0.0
    dev: true
    engines:
      node: '>=4'
    resolution:
      integrity: sha512-QjVjwdXIt408MIiAqCX4oUKsgU2EqAGzs2Ppkm4aQYbjm+ZEWEcW4SfFNTr4uMNZma0ey4f5lgLrkB0aX0QMow==
  /supports-color/6.1.0:
    dependencies:
      has-flag: 3.0.0
    dev: true
    engines:
      node: '>=6'
    resolution:
      integrity: sha512-qe1jfm1Mg7Nq/NSh6XE24gPXROEVsWHxC1LIx//XNlD9iw7YZQGjZNjYN7xGaEG6iKdA8EtNFW6R0gjnVXp+wQ==
  /supports-color/7.2.0:
    dependencies:
      has-flag: 4.0.0
    dev: true
    engines:
      node: '>=8'
    resolution:
      integrity: sha512-qpCAvRl9stuOHveKsn7HncJRvv501qIacKzQlO/+Lwxc9+0q2wLyv4Dfvt80/DPn2pqOBsJdDiogXGR9+OvwRw==
  /thenify-all/1.6.0:
    dependencies:
      thenify: 3.3.1
    dev: true
    engines:
      node: '>=0.8'
    resolution:
      integrity: sha1-GhkY1ALY/D+Y+/I02wvMjMEOlyY=
  /thenify/3.3.1:
    dependencies:
      any-promise: 1.3.0
    dev: true
    resolution:
      integrity: sha512-RVZSIV5IG10Hk3enotrhvz0T9em6cyHBLkH/YAZuKqd8hRkKhSfCGIcP2KUY0EPxndzANBmNllzWPwak+bheSw==
  /to-fast-properties/2.0.0:
    engines:
      node: '>=4'
    resolution:
      integrity: sha1-3F5pjL0HkmW8c+A3doGk5Og/YW4=
  /to-regex-range/5.0.1:
    dependencies:
      is-number: 7.0.0
    dev: true
    engines:
      node: '>=8.0'
    resolution:
      integrity: sha512-65P7iz6X5yEr1cwcgvQxbbIw7Uk3gOy5dIdtZ4rDveLqhrdJP+Li/Hx6tyK0NEb+2GCyneCMJiGqrADCSNk8sQ==
  /totalist/1.1.0:
    dev: true
    engines:
      node: '>=6'
    resolution:
      integrity: sha512-gduQwd1rOdDMGxFG1gEvhV88Oirdo2p+KjoYFU7k2g+i7n6AFFbDQ5kMPUsW0pNbfQsB/cwXvT1i4Bue0s9g5g==
  /tslib/1.14.1:
    dev: true
    resolution:
      integrity: sha512-Xni35NKzjgMrwevysHTCArtLDpPvye8zV/0E4EyYn43P7/7qvQwPh9BGkHewbMulVntbigmcT7rdX3BNo9wRJg==
  /typescript/4.1.3:
    dev: true
    engines:
      node: '>=4.2.0'
    hasBin: true
    resolution:
      integrity: sha512-B3ZIOf1IKeH2ixgHhj6la6xdwR9QrLC5d1VKeCSY4tvkqhF2eqd9O7txNlS0PO3GrBAFIdr3L1ndNwteUbZLYg==
  /uniq/1.0.1:
    dev: true
    resolution:
      integrity: sha1-sxxa6CVIRKOoKBVBzisEuGWnNP8=
  /util-deprecate/1.0.2:
    dev: true
    resolution:
      integrity: sha1-RQ1Nyfpw3nMnYvvS1KKJgUGaDM8=
  /uuid/3.4.0:
    dev: true
    hasBin: true
    resolution:
      integrity: sha512-HjSDRw6gZE5JMggctHBcjVak08+KEVhSIiDzFnT9S9aegmp85S/bReBVTb4QTFaRNptJ9kuYaNhnbNEOkbKb/A==
  /uuid/8.3.2:
    dev: true
    hasBin: true
    resolution:
      integrity: sha512-+NYs2QeMWy+GWFOEm9xnn6HCDp0l7QBD7ml8zLUmJ+93Q5NF0NocErnwkTkXVFNiX3/fpC6afS8Dhb/gz7R7eg==
  /vscode-languageserver-textdocument/1.0.1:
    dev: true
    resolution:
      integrity: sha512-UIcJDjX7IFkck7cSkNNyzIz5FyvpQfY7sdzVy+wkKN/BLaD4DQ0ppXQrKePomCxTS7RrolK1I0pey0bG9eh8dA==
  /vscode-uri/2.1.2:
    dev: true
    resolution:
      integrity: sha512-8TEXQxlldWAuIODdukIb+TR5s+9Ds40eSJrw+1iDDA9IFORPjMELarNQE3myz5XIkWWpdprmJjm1/SxMlWOC8A==
  /vscode-web-custom-data/0.3.3:
    dev: true
    resolution:
      integrity: sha512-orMjjj1r4efP5ocODYZm3orpANakRBsxPZPDoD5UIrFOPKDFtMJQLp6PIH1rb3AYVRD1iYXMhDQoC6tZ+DrigA==
  /vue/3.0.5:
    dependencies:
      '@vue/compiler-dom': 3.0.5
      '@vue/runtime-dom': 3.0.5
      '@vue/shared': 3.0.5
    dev: false
    resolution:
      integrity: sha512-TfaprOmtsAfhQau7WsomXZ8d9op/dkQLNIq8qPV3A0Vxs6GR5E+c1rfJS1SDkXRQj+dFyfnec7+U0Be1huiScg==
  /wrap-ansi/7.0.0:
    dependencies:
      ansi-styles: 4.3.0
      string-width: 4.2.0
      strip-ansi: 6.0.0
    dev: true
    engines:
      node: '>=10'
    resolution:
      integrity: sha512-YVGIj2kamLSTxw6NsZjoBxfSwsn0ycdesmc4p+Q21c5zPuZ1pl+NfxVdxPtdHvmNVOQ6XSYG4AUtyt/Fi7D16Q==
  /y18n/5.0.5:
    dev: true
    engines:
      node: '>=10'
    resolution:
      integrity: sha512-hsRUr4FFrvhhRH12wOdfs38Gy7k2FFzB9qgN9v3aLykRq0dRcdcpz5C9FxdS2NuhOrI/628b/KSTJ3rwHysYSg==
  /yallist/3.1.1:
    dev: true
    resolution:
      integrity: sha512-a4UGQaWPH59mOXUYnAG2ewncQS4i4F43Tv3JoAM+s2VDAmS9NsK8GpDMLrCHPksFT7h3K6TOoUNn2pb7RoXx4g==
  /yallist/4.0.0:
    dev: true
    resolution:
      integrity: sha512-3wdGidZyq5PB084XLES5TpOSRA3wjXAlIWMhum2kRcv/41Sn2emQ0dycQW4uZXLejwKvg6EsvbdlVL+FYEct7A==
  /yargs-parser/20.2.4:
    dev: true
    engines:
      node: '>=10'
    resolution:
      integrity: sha512-WOkpgNhPTlE73h4VFAFsOnomJVaovO8VqLDzy5saChRBFQFBoMYirowyW+Q9HB4HFF4Z7VZTiG3iSzJJA29yRA==
  /yargs/16.2.0:
    dependencies:
      cliui: 7.0.4
      escalade: 3.1.1
      get-caller-file: 2.0.5
      require-directory: 2.1.1
      string-width: 4.2.0
      y18n: 5.0.5
      yargs-parser: 20.2.4
    dev: true
    engines:
      node: '>=10'
    resolution:
      integrity: sha512-D1mvvtDG0L5ft/jGWkLpG1+m0eQxOfaBvTNELraWj22wSVUMWxZUvYgJYcKh6jGGIkJFhH4IZPQhR4TKpc8mBw==
specifiers:
  '@vitejs/plugin-vue': ^1.1.4
  '@vue/compiler-sfc': ^3.0.5
  '@vuedx/typecheck': ^0.6.0
  '@vuedx/typescript-plugin-vue': ^0.6.0
  sirv: ^1.0.11
  typescript: ^4.1.3
  vite: 'link:../node_modules/vite'
  vite-tsconfig-paths: 'link:..'
  vue: ^3.0.5
